
Microsoft Visual Studio Solution File, Format Version 12.00
# Visual Studio Version 16
VisualStudioVersion = 16.0.30104.148
MinimumVisualStudioVersion = 10.0.40219.1
Project("{FAE04EC0-301F-11D3-BF4B-00C04F79EFBC}") = "GameCharacterEditor", "GameCharacterEditor\GameCharacterEditor.csproj", "{B351B0B3-D422-423B-B64C-5F413A8AAC21}"
EndProject
Global
	GlobalSection(SolutionConfigurationPlatforms) = preSolution
		Debug|Any CPU = Debug|Any CPU
		Release|Any CPU = Release|Any CPU
	EndGlobalSection
	GlobalSection(ProjectConfigurationPlatforms) = postSolution
		{B351B0B3-D422-423B-B64C-5F413A8AAC21}.Debug|Any CPU.ActiveCfg = Debug|Any CPU
		{B351B0B3-D422-423B-B64C-5F413A8AAC21}.Debug|Any CPU.Build.0 = Debug|Any CPU
		{B351B0B3-D422-423B-B64C-5F413A8AAC21}.Release|Any CPU.ActiveCfg = Release|Any CPU
		{B351B0B3-D422-423B-B64C-5F413A8AAC21}.Release|Any CPU.Build.0 = Release|Any CPU
	EndGlobalSection
	GlobalSection(SolutionProperties) = preSolution
		HideSolutionNode = FALSE
	EndGlobalSection
	GlobalSection(ExtensibilityGlobals) = postSolution
		SolutionGuid = {0C040425-D656-4686-A879-8886B99C224C}
	EndGlobalSection
EndGlobal
